
Microsoft Visual Studio Solution File, Format Version 12.00
# Visual Studio Version 18
VisualStudioVersion = 18.0.11205.157 d18.0
MinimumVisualStudioVersion = 10.0.40219.1
Project("{FAE04EC0-301F-11D3-BF4B-00C04F79EFBC}") = "NodPT.SignalR", "src\NodPT.SignalR.csproj", "{7E7390E7-497F-0934-129D-9CF274F43F8D}"
EndProject
Project("{FAE04EC0-301F-11D3-BF4B-00C04F79EFBC}") = "NodPT.Data", "..\Data\src\NodPT.Data.csproj", "{28BB38F4-04D7-4A20-9E44-324E9793F350}"
EndProject
Global
	GlobalSection(SolutionConfigurationPlatforms) = preSolution
		Debug|Any CPU = Debug|Any CPU
		Release|Any CPU = Release|Any CPU
	EndGlobalSection
	GlobalSection(ProjectConfigurationPlatforms) = postSolution
		{7E7390E7-497F-0934-129D-9CF274F43F8D}.Debug|Any CPU.ActiveCfg = Debug|Any CPU
		{7E7390E7-497F-0934-129D-9CF274F43F8D}.Debug|Any CPU.Build.0 = Debug|Any CPU
		{7E7390E7-497F-0934-129D-9CF274F43F8D}.Release|Any CPU.ActiveCfg = Release|Any CPU
		{7E7390E7-497F-0934-129D-9CF274F43F8D}.Release|Any CPU.Build.0 = Release|Any CPU
	EndGlobalSection
	GlobalSection(SolutionProperties) = preSolution
		HideSolutionNode = FALSE
	EndGlobalSection
	GlobalSection(ExtensibilityGlobals) = postSolution
		SolutionGuid = {A29E7813-F706-4641-AAD4-128157617726}
	EndGlobalSection
EndGlobal
