Microsoft Visual Studio Solution File, Format Version 12.00
# Visual Studio Version 17
VisualStudioVersion = 17.5.2.0
MinimumVisualStudioVersion = 10.0.40219.1
Project("{FAE04EC0-301F-11D3-BF4B-00C04F79EFBC}") = "NodPT.API", "src\NodPT.API.csproj", "{47739A13-AE6C-CC21-F166-EFECE2EBE9E3}"
EndProject
Project("{FAE04EC0-301F-11D3-BF4B-00C04F79EFBC}") = "NodPT.Data", "..\Data\src\NodPT.Data.csproj", "{28BB38F4-04D7-4A20-9E44-324E9793F350}"
EndProject
Global
	GlobalSection(SolutionConfigurationPlatforms) = preSolution
		Debug|Any CPU = Debug|Any CPU
		Release|Any CPU = Release|Any CPU
	EndGlobalSection
	GlobalSection(ProjectConfigurationPlatforms) = postSolution
		{47739A13-AE6C-CC21-F166-EFECE2EBE9E3}.Debug|Any CPU.ActiveCfg = Debug|Any CPU
		{47739A13-AE6C-CC21-F166-EFECE2EBE9E3}.Debug|Any CPU.Build.0 = Debug|Any CPU
		{47739A13-AE6C-CC21-F166-EFECE2EBE9E3}.Release|Any CPU.ActiveCfg = Release|Any CPU
		{47739A13-AE6C-CC21-F166-EFECE2EBE9E3}.Release|Any CPU.Build.0 = Release|Any CPU
		{28BB38F4-04D7-4A20-9E44-324E9793F350}.Debug|Any CPU.ActiveCfg = Debug|Any CPU
		{28BB38F4-04D7-4A20-9E44-324E9793F350}.Debug|Any CPU.Build.0 = Debug|Any CPU
		{28BB38F4-04D7-4A20-9E44-324E9793F350}.Release|Any CPU.ActiveCfg = Release|Any CPU
		{28BB38F4-04D7-4A20-9E44-324E9793F350}.Release|Any CPU.Build.0 = Release|Any CPU
	EndGlobalSection
	GlobalSection(SolutionProperties) = preSolution
		HideSolutionNode = FALSE
	EndGlobalSection
	GlobalSection(ExtensibilityGlobals) = postSolution
		SolutionGuid = {3349DB37-A838-498A-96CB-4B50197536C6}
	EndGlobalSection
EndGlobal
